Microsoft Visual Studio Solution File, Format Version 11.00
# Visual Studio 2008

Project("{F4178BFF-0AA5-2FBC-EC6B-5980D9788F86}") = "Acrimony_Endless_Tears", "Assembly-CSharp.csproj", "{DB997406-795D-1146-2D7C-FDE4155E351F}"
EndProject
Global
	GlobalSection(SolutionConfigurationPlatforms) = preSolution
		Debug|Any CPU = Debug|Any CPU
		Release|Any CPU = Release|Any CPU
	EndGlobalSection
	GlobalSection(ProjectConfigurationPlatforms) = postSolution
		{DB997406-795D-1146-2D7C-FDE4155E351F}.Debug|Any CPU.ActiveCfg = Debug|Any CPU
		{DB997406-795D-1146-2D7C-FDE4155E351F}.Debug|Any CPU.Build.0 = Debug|Any CPU
		{DB997406-795D-1146-2D7C-FDE4155E351F}.Release|Any CPU.ActiveCfg = Release|Any CPU
		{DB997406-795D-1146-2D7C-FDE4155E351F}.Release|Any CPU.Build.0 = Release|Any CPU
	EndGlobalSection
	GlobalSection(SolutionProperties) = preSolution
		HideSolutionNode = FALSE
	EndGlobalSection
	GlobalSection(MonoDevelopProperties) = preSolution
		StartupItem = Assembly-CSharp.csproj
	EndGlobalSection
EndGlobal
